
Microsoft Visual Studio Solution File, Format Version 12.00
# Visual Studio 14
VisualStudioVersion = 14.0.23107.0
MinimumVisualStudioVersion = 10.0.40219.1
Project("{FAE04EC0-301F-11D3-BF4B-00C04F79EFBC}") = "KeyCrawler", "KeyCrawler\KeyCrawler.csproj", "{2A38AFFF-9DDF-4210-B7B2-25A931F9706A}"
EndProject
Project("{FAE04EC0-301F-11D3-BF4B-00C04F79EFBC}") = "Runner", "Runner\Runner.csproj", "{E5C979B1-6508-4AE2-8AED-3B832B869322}"
EndProject
Project("{FAE04EC0-301F-11D3-BF4B-00C04F79EFBC}") = "Uncompress", "Uncompress\Uncompress.csproj", "{A20847A2-A06C-486B-88A2-A309F74D2E11}"
EndProject
Project("{FAE04EC0-301F-11D3-BF4B-00C04F79EFBC}") = "DataModel", "DataModel\DataModel.csproj", "{B2DFEF9B-1F2A-4A52-BBCC-55F5BBB6614E}"
EndProject
Project("{FAE04EC0-301F-11D3-BF4B-00C04F79EFBC}") = "PasswordEntrance", "PasswordEntrance\PasswordEntrance.csproj", "{735B9037-AEAF-41F6-851C-E67113CF34A4}"
EndProject
Global
	GlobalSection(SolutionConfigurationPlatforms) = preSolution
		Debug|Any CPU = Debug|Any CPU
		Release|Any CPU = Release|Any CPU
	EndGlobalSection
	GlobalSection(ProjectConfigurationPlatforms) = postSolution
		{2A38AFFF-9DDF-4210-B7B2-25A931F9706A}.Debug|Any CPU.ActiveCfg = Debug|Any CPU
		{2A38AFFF-9DDF-4210-B7B2-25A931F9706A}.Debug|Any CPU.Build.0 = Debug|Any CPU
		{2A38AFFF-9DDF-4210-B7B2-25A931F9706A}.Release|Any CPU.ActiveCfg = Release|Any CPU
		{2A38AFFF-9DDF-4210-B7B2-25A931F9706A}.Release|Any CPU.Build.0 = Release|Any CPU
		{E5C979B1-6508-4AE2-8AED-3B832B869322}.Debug|Any CPU.ActiveCfg = Debug|Any CPU
		{E5C979B1-6508-4AE2-8AED-3B832B869322}.Debug|Any CPU.Build.0 = Debug|Any CPU
		{E5C979B1-6508-4AE2-8AED-3B832B869322}.Release|Any CPU.ActiveCfg = Release|Any CPU
		{E5C979B1-6508-4AE2-8AED-3B832B869322}.Release|Any CPU.Build.0 = Release|Any CPU
		{A20847A2-A06C-486B-88A2-A309F74D2E11}.Debug|Any CPU.ActiveCfg = Debug|Any CPU
		{A20847A2-A06C-486B-88A2-A309F74D2E11}.Debug|Any CPU.Build.0 = Debug|Any CPU
		{A20847A2-A06C-486B-88A2-A309F74D2E11}.Release|Any CPU.ActiveCfg = Release|Any CPU
		{A20847A2-A06C-486B-88A2-A309F74D2E11}.Release|Any CPU.Build.0 = Release|Any CPU
		{B2DFEF9B-1F2A-4A52-BBCC-55F5BBB6614E}.Debug|Any CPU.ActiveCfg = Debug|Any CPU
		{B2DFEF9B-1F2A-4A52-BBCC-55F5BBB6614E}.Debug|Any CPU.Build.0 = Debug|Any CPU
		{B2DFEF9B-1F2A-4A52-BBCC-55F5BBB6614E}.Release|Any CPU.ActiveCfg = Release|Any CPU
		{B2DFEF9B-1F2A-4A52-BBCC-55F5BBB6614E}.Release|Any CPU.Build.0 = Release|Any CPU
		{735B9037-AEAF-41F6-851C-E67113CF34A4}.Debug|Any CPU.ActiveCfg = Debug|Any CPU
		{735B9037-AEAF-41F6-851C-E67113CF34A4}.Debug|Any CPU.Build.0 = Debug|Any CPU
		{735B9037-AEAF-41F6-851C-E67113CF34A4}.Release|Any CPU.ActiveCfg = Release|Any CPU
		{735B9037-AEAF-41F6-851C-E67113CF34A4}.Release|Any CPU.Build.0 = Release|Any CPU
	EndGlobalSection
	GlobalSection(SolutionProperties) = preSolution
		HideSolutionNode = FALSE
	EndGlobalSection
EndGlobal
